
Microsoft Visual Studio Solution File, Format Version 12.00
# Visual Studio Version 17
VisualStudioVersion = 17.9.34728.123
MinimumVisualStudioVersion = 10.0.40219.1
Project("{FAE04EC0-301F-11D3-BF4B-00C04F79EFBC}") = "E-commerceApplication", "E-commerceApplication\E-commerceApplication.csproj", "{F3224FE4-AA97-4BE8-B205-06E05F719031}"
EndProject
Global
	GlobalSection(SolutionConfigurationPlatforms) = preSolution
		Debug|Any CPU = Debug|Any CPU
		Release|Any CPU = Release|Any CPU
	EndGlobalSection
	GlobalSection(ProjectConfigurationPlatforms) = postSolution
		{F3224FE4-AA97-4BE8-B205-06E05F719031}.Debug|Any CPU.ActiveCfg = Debug|Any CPU
		{F3224FE4-AA97-4BE8-B205-06E05F719031}.Debug|Any CPU.Build.0 = Debug|Any CPU
		{F3224FE4-AA97-4BE8-B205-06E05F719031}.Release|Any CPU.ActiveCfg = Release|Any CPU
		{F3224FE4-AA97-4BE8-B205-06E05F719031}.Release|Any CPU.Build.0 = Release|Any CPU
	EndGlobalSection
	GlobalSection(SolutionProperties) = preSolution
		HideSolutionNode = FALSE
	EndGlobalSection
	GlobalSection(ExtensibilityGlobals) = postSolution
		SolutionGuid = {87490A19-F446-4DD4-B800-B76EDC5FD8DA}
	EndGlobalSection
EndGlobal
